PODS:
  - Flutter (1.0.0)
  - JCore (4.6.2)
  - JPush (5.2.4):
    - JCore (>= 2.0.0)
  - jpush_flutter2 (0.0.1):
    - Flutter
    - JPush (= 5.2.4)
  - permission_handler_apple (9.1.1):
    - Flutter

DEPENDENCIES:
  - Flutter (from `Flutter`)
  - jpush_flutter2 (from `.symlinks/plugins/jpush_flutter2/ios`)
  - permission_handler_apple (from `.symlinks/plugins/permission_handler_apple/ios`)

SPEC REPOS:
  trunk:
    - JCore
    - JPush

EXTERNAL SOURCES:
  Flutter:
    :path: Flutter
  jpush_flutter2:
    :path: ".symlinks/plugins/jpush_flutter2/ios"
  permission_handler_apple:
    :path: ".symlinks/plugins/permission_handler_apple/ios"

SPEC CHECKSUMS:
  Flutter: e0871f40cf51350855a761d2e70bf5af5b9b5de7
  JCore: 024c73b04e110b496e93d8c127ea9cd1ed934e4c
  JPush: c3c6e328b39a7dd78cf6b1a7d072af1a9a1974bd
  jpush_flutter2: 70c200aef627cd2dfc6558d79ec2b02405a23cfc
  permission_handler_apple: e76247795d700c14ea09e3a2d8855d41ee80a2e6

PODFILE CHECKSUM: 1dca56c5899cd39e41508d3683261ce6919b603a

COCOAPODS: 1.15.2
