PODS:
  - Flutter (1.0.0)
  - JCore (4.4.2)
  - JPush (5.2.0):
    - JCore (>= 2.0.0)
  - jpush_flutter (0.0.1):
    - Flutter
    - JPush (= 5.2.0)
  - permission_handler_apple (9.1.1):
    - Flutter

DEPENDENCIES:
  - Flutter (from `Flutter`)
  - jpush_flutter (from `.symlinks/plugins/jpush_flutter/ios`)
  - permission_handler_apple (from `.symlinks/plugins/permission_handler_apple/ios`)

SPEC REPOS:
  trunk:
    - JCore
    - JPush

EXTERNAL SOURCES:
  Flutter:
    :path: Flutter
  jpush_flutter:
    :path: ".symlinks/plugins/jpush_flutter/ios"
  permission_handler_apple:
    :path: ".symlinks/plugins/permission_handler_apple/ios"

SPEC CHECKSUMS:
  Flutter: f04841e97a9d0b0a8025694d0796dd46242b2854
  JCore: 2e7dd256415fb32398489968202c0066ad5c13db
  JPush: 76668b765fcfd7c15f86b05ca0e5cdc01945ce23
  jpush_flutter: 8a8da862f2284f3c5722ba2285b12e561b92080c
  permission_handler_apple: e76247795d700c14ea09e3a2d8855d41ee80a2e6

PODFILE CHECKSUM: 1dca56c5899cd39e41508d3683261ce6919b603a

COCOAPODS: 1.14.3
