PODS:
  - Flutter (1.0.0)
  - HCaptcha (2.5.1):
    - HCaptcha/Core (= 2.5.1)
  - HCaptcha/Core (2.5.1)
  - hcaptcha_flutter (0.0.1):
    - Flutter
    - HCaptcha (= 2.5.1)
  - integration_test (0.0.1):
    - Flutter

DEPENDENCIES:
  - Flutter (from `Flutter`)
  - hcaptcha_flutter (from `.symlinks/plugins/hcaptcha_flutter/ios`)
  - integration_test (from `.symlinks/plugins/integration_test/ios`)

SPEC REPOS:
  trunk:
    - HCaptcha

EXTERNAL SOURCES:
  Flutter:
    :path: Flutter
  hcaptcha_flutter:
    :path: ".symlinks/plugins/hcaptcha_flutter/ios"
  integration_test:
    :path: ".symlinks/plugins/integration_test/ios"

SPEC CHECKSUMS:
  Flutter: f04841e97a9d0b0a8025694d0796dd46242b2854
  HCaptcha: 98dc7a73b11b5dee7e6fced7085925a9c74d9ca4
  hcaptcha_flutter: 623552f4d902c493275c7e5cbde36f2c4da6efce
  integration_test: 13825b8a9334a850581300559b8839134b124670

PODFILE CHECKSUM: 02caaa843f6501172c0d470d80e72f61175c8b93

COCOAPODS: 1.14.3
